// !$*UTF8*$!
{
	archiveVersion = 1;
	classes = {
	};
	objectVersion = 46;
	objects = {

/* Begin PBXBuildFile section */
		C88CECDA1AF2335900F122BC /* main.cpp in Sources */ = {isa = PBXBuildFile; fileRef = C88CECD91AF2335900F122BC /* main.cpp */; };
		C88CECE21AF2352400F122BC /* split_set.cpp in Sources */ = {isa = PBXBuildFile; fileRef = C88CECE01AF2352400F122BC /* split_set.cpp */; };
		C88CECE51AF2387100F122BC /* averages.cpp in Sources */ = {isa = PBXBuildFile; fileRef = C88CECE31AF2387100F122BC /* averages.cpp */; };
		C8C6AB841AF2E43B000B5377 /* binaryPreProcess.cpp in Sources */ = {isa = PBXBuildFile; fileRef = C8C6AB821AF2E43B000B5377 /* binaryPreProcess.cpp */; };
/* End PBXBuildFile section */

/* Begin PBXCopyFilesBuildPhase section */
		C88CECD41AF2335900F122BC /* CopyFiles */ = {
			isa = PBXCopyFilesBuildPhase;
			buildActionMask = 2147483647;
			dstPath = /usr/share/man/man1/;
			dstSubfolderSpec = 0;
			files = (
			);
			runOnlyForDeploymentPostprocessing = 1;
		};
/* End PBXCopyFilesBuildPhase section */

/* Begin PBXFileReference section */
		C88CECD61AF2335900F122BC /* dataPreProcess */ = {isa = PBXFileReference; explicitFileType = "compiled.mach-o.executable"; includeInIndex = 0; path = dataPreProcess; sourceTree = BUILT_PRODUCTS_DIR; };
		C88CECD91AF2335900F122BC /* main.cpp */ = {isa = PBXFileReference; lastKnownFileType = sourcecode.cpp.cpp; path = main.cpp; sourceTree = "<group>"; };
		C88CECE01AF2352400F122BC /* split_set.cpp */ = {isa = PBXFileReference; fileEncoding = 4; lastKnownFileType = sourcecode.cpp.cpp; path = split_set.cpp; sourceTree = "<group>"; };
		C88CECE11AF2352400F122BC /* split_set.h */ = {isa = PBXFileReference; fileEncoding = 4; lastKnownFileType = sourcecode.c.h; path = split_set.h; sourceTree = "<group>"; };
		C88CECE31AF2387100F122BC /* averages.cpp */ = {isa = PBXFileReference; fileEncoding = 4; lastKnownFileType = sourcecode.cpp.cpp; path = averages.cpp; sourceTree = "<group>"; };
		C88CECE41AF2387100F122BC /* averages.h */ = {isa = PBXFileReference; fileEncoding = 4; lastKnownFileType = sourcecode.c.h; path = averages.h; sourceTree = "<group>"; };
		C8C6AB821AF2E43B000B5377 /* binaryPreProcess.cpp */ = {isa = PBXFileReference; fileEncoding = 4; lastKnownFileType = sourcecode.cpp.cpp; path = binaryPreProcess.cpp; sourceTree = "<group>"; };
		C8C6AB831AF2E43B000B5377 /* binaryPreProcess.h */ = {isa = PBXFileReference; fileEncoding = 4; lastKnownFileType = sourcecode.c.h; path = binaryPreProcess.h; sourceTree = "<group>"; };
/* End PBXFileReference section */

/* Begin PBXFrameworksBuildPhase section */
		C88CECD31AF2335900F122BC /* Frameworks */ = {
			isa = PBXFrameworksBuildPhase;
			buildActionMask = 2147483647;
			files = (
			);
			runOnlyForDeploymentPostprocessing = 0;
		};
/* End PBXFrameworksBuildPhase section */

/* Begin PBXGroup section */
		C88CECCD1AF2335900F122BC = {
			isa = PBXGroup;
			children = (
				C88CECD81AF2335900F122BC /* dataPreProcess */,
				C88CECD71AF2335900F122BC /* Products */,
			);
			sourceTree = "<group>";
		};
		C88CECD71AF2335900F122BC /* Products */ = {
			isa = PBXGroup;
			children = (
				C88CECD61AF2335900F122BC /* dataPreProcess */,
			);
			name = Products;
			sourceTree = "<group>";
		};
		C88CECD81AF2335900F122BC /* dataPreProcess */ = {
			isa = PBXGroup;
			children = (
				C88CECD91AF2335900F122BC /* main.cpp */,
				C8C6AB821AF2E43B000B5377 /* binaryPreProcess.cpp */,
				C8C6AB831AF2E43B000B5377 /* binaryPreProcess.h */,
				C88CECE31AF2387100F122BC /* averages.cpp */,
				C88CECE41AF2387100F122BC /* averages.h */,
				C88CECE01AF2352400F122BC /* split_set.cpp */,
				C88CECE11AF2352400F122BC /* split_set.h */,
			);
			path = dataPreProcess;
			sourceTree = "<group>";
		};
/* End PBXGroup section */

/* Begin PBXNativeTarget section */
		C88CECD51AF2335900F122BC /* dataPreProcess */ = {
			isa = PBXNativeTarget;
			buildConfigurationList = C88CECDD1AF2335900F122BC /* Build configuration list for PBXNativeTarget "dataPreProcess" */;
			buildPhases = (
				C88CECD21AF2335900F122BC /* Sources */,
				C88CECD31AF2335900F122BC /* Frameworks */,
				C88CECD41AF2335900F122BC /* CopyFiles */,
			);
			buildRules = (
			);
			dependencies = (
			);
			name = dataPreProcess;
			productName = dataPreProcess;
			productReference = C88CECD61AF2335900F122BC /* dataPreProcess */;
			productType = "com.apple.product-type.tool";
		};
/* End PBXNativeTarget section */

/* Begin PBXProject section */
		C88CECCE1AF2335900F122BC /* Project object */ = {
			isa = PBXProject;
			attributes = {
				LastUpgradeCheck = 0630;
				ORGANIZATIONNAME = "Roshan Agrawal";
				TargetAttributes = {
					C88CECD51AF2335900F122BC = {
						CreatedOnToolsVersion = 6.3.1;
					};
				};
			};
			buildConfigurationList = C88CECD11AF2335900F122BC /* Build configuration list for PBXProject "dataPreProcess" */;
			compatibilityVersion = "Xcode 3.2";
			developmentRegion = English;
			hasScannedForEncodings = 0;
			knownRegions = (
				en,
			);
			mainGroup = C88CECCD1AF2335900F122BC;
			productRefGroup = C88CECD71AF2335900F122BC /* Products */;
			projectDirPath = "";
			projectRoot = "";
			targets = (
				C88CECD51AF2335900F122BC /* dataPreProcess */,
			);
		};
/* End PBXProject section */

/* Begin PBXSourcesBuildPhase section */
		C88CECD21AF2335900F122BC /* Sources */ = {
			isa = PBXSourcesBuildPhase;
			buildActionMask = 2147483647;
			files = (
				C8C6AB841AF2E43B000B5377 /* binaryPreProcess.cpp in Sources */,
				C88CECDA1AF2335900F122BC /* main.cpp in Sources */,
				C88CECE21AF2352400F122BC /* split_set.cpp in Sources */,
				C88CECE51AF2387100F122BC /* averages.cpp in Sources */,
			);
			runOnlyForDeploymentPostprocessing = 0;
		};
/* End PBXSourcesBuildPhase section */

/* Begin XCBuildConfiguration section */
		C88CECDB1AF2335900F122BC /* Debug */ = {
			isa = XCBuildConfiguration;
			buildSettings = {
				ALWAYS_SEARCH_USER_PATHS = NO;
				CLANG_CXX_LANGUAGE_STANDARD = "gnu++0x";
				CLANG_CXX_LIBRARY = "libc++";
				CLANG_ENABLE_MODULES = YES;
				CLANG_ENABLE_OBJC_ARC = YES;
				CLANG_WARN_BOOL_CONVERSION = YES;
				CLANG_WARN_CONSTANT_CONVERSION = YES;
				CLANG_WARN_DIRECT_OBJC_ISA_USAGE = YES_ERROR;
				CLANG_WARN_EMPTY_BODY = YES;
				CLANG_WARN_ENUM_CONVERSION = YES;
				CLANG_WARN_INT_CONVERSION = YES;
				CLANG_WARN_OBJC_ROOT_CLASS = YES_ERROR;
				CLANG_WARN_UNREACHABLE_CODE = YES;
				CLANG_WARN__DUPLICATE_METHOD_MATCH = YES;
				COPY_PHASE_STRIP = NO;
				DEBUG_INFORMATION_FORMAT = dwarf;
				ENABLE_STRICT_OBJC_MSGSEND = YES;
				GCC_C_LANGUAGE_STANDARD = gnu99;
				GCC_DYNAMIC_NO_PIC = NO;
				GCC_NO_COMMON_BLOCKS = YES;
				GCC_OPTIMIZATION_LEVEL = 0;
				GCC_PREPROCESSOR_DEFINITIONS = (
					"DEBUG=1",
					"$(inherited)",
				);
				GCC_SYMBOLS_PRIVATE_EXTERN = NO;
				GCC_WARN_64_TO_32_BIT_CONVERSION = YES;
				GCC_WARN_ABOUT_RETURN_TYPE = YES_ERROR;
				GCC_WARN_UNDECLARED_SELECTOR = YES;
				GCC_WARN_UNINITIALIZED_AUTOS = YES_AGGRESSIVE;
				GCC_WARN_UNUSED_FUNCTION = YES;
				GCC_WARN_UNUSED_VARIABLE = YES;
				MACOSX_DEPLOYMENT_TARGET = 10.10;
				MTL_ENABLE_DEBUG_INFO = YES;
				ONLY_ACTIVE_ARCH = YES;
				SDKROOT = macosx;
			};
			name = Debug;
		};
		C88CECDC1AF2335900F122BC /* Release */ = {
			isa = XCBuildConfiguration;
			buildSettings = {
				ALWAYS_SEARCH_USER_PATHS = NO;
				CLANG_CXX_LANGUAGE_STANDARD = "gnu++0x";
				CLANG_CXX_LIBRARY = "libc++";
				CLANG_ENABLE_MODULES = YES;
				CLANG_ENABLE_OBJC_ARC = YES;
				CLANG_WARN_BOOL_CONVERSION = YES;
				CLANG_WARN_CONSTANT_CONVERSION = YES;
				CLANG_WARN_DIRECT_OBJC_ISA_USAGE = YES_ERROR;
				CLANG_WARN_EMPTY_BODY = YES;
				CLANG_WARN_ENUM_CONVERSION = YES;
				CLANG_WARN_INT_CONVERSION = YES;
				CLANG_WARN_OBJC_ROOT_CLASS = YES_ERROR;
				CLANG_WARN_UNREACHABLE_CODE = YES;
				CLANG_WARN__DUPLICATE_METHOD_MATCH = YES;
				COPY_PHASE_STRIP = NO;
				DEBUG_INFORMATION_FORMAT = "dwarf-with-dsym";
				ENABLE_NS_ASSERTIONS = NO;
				ENABLE_STRICT_OBJC_MSGSEND = YES;
				GCC_C_LANGUAGE_STANDARD = gnu99;
				GCC_NO_COMMON_BLOCKS = YES;
				GCC_WARN_64_TO_32_BIT_CONVERSION = YES;
				GCC_WARN_ABOUT_RETURN_TYPE = YES_ERROR;
				GCC_WARN_UNDECLARED_SELECTOR = YES;
				GCC_WARN_UNINITIALIZED_AUTOS = YES_AGGRESSIVE;
				GCC_WARN_UNUSED_FUNCTION = YES;
				GCC_WARN_UNUSED_VARIABLE = YES;
				MACOSX_DEPLOYMENT_TARGET = 10.10;
				MTL_ENABLE_DEBUG_INFO = NO;
				SDKROOT = macosx;
			};
			name = Release;
		};
		C88CECDE1AF2335900F122BC /* Debug */ = {
			isa = XCBuildConfiguration;
			buildSettings = {
				PRODUCT_NAME = "$(TARGET_NAME)";
			};
			name = Debug;
		};
		C88CECDF1AF2335900F122BC /* Release */ = {
			isa = XCBuildConfiguration;
			buildSettings = {
				PRODUCT_NAME = "$(TARGET_NAME)";
			};
			name = Release;
		};
/* End XCBuildConfiguration section */

/* Begin XCConfigurationList section */
		C88CECD11AF2335900F122BC /* Build configuration list for PBXProject "dataPreProcess" */ = {
			isa = XCConfigurationList;
			buildConfigurations = (
				C88CECDB1AF2335900F122BC /* Debug */,
				C88CECDC1AF2335900F122BC /* Release */,
			);
			defaultConfigurationIsVisible = 0;
			defaultConfigurationName = Release;
		};
		C88CECDD1AF2335900F122BC /* Build configuration list for PBXNativeTarget "dataPreProcess" */ = {
			isa = XCConfigurationList;
			buildConfigurations = (
				C88CECDE1AF2335900F122BC /* Debug */,
				C88CECDF1AF2335900F122BC /* Release */,
			);
			defaultConfigurationIsVisible = 0;
			defaultConfigurationName = Release;
		};
/* End XCConfigurationList section */
	};
	rootObject = C88CECCE1AF2335900F122BC /* Project object */;
}
