// !$*UTF8*$!
{
	archiveVersion = 1;
	classes = {
	};
	objectVersion = 46;
	objects = {

/* Begin PBXBuildFile section */
		552D0EDA1AEA2A800082D855 /* dataManager.cpp in Sources */ = {isa = PBXBuildFile; fileRef = 552D0ED71AEA1E610082D855 /* dataManager.cpp */; };
		552D0EF31AECD5690082D855 /* errorManager.cpp in Sources */ = {isa = PBXBuildFile; fileRef = 552D0EF11AECD5690082D855 /* errorManager.cpp */; };
		553E45C51B0EB2C1004211CF /* hogNode.cpp in Sources */ = {isa = PBXBuildFile; fileRef = 553E45C31B0EB2C1004211CF /* hogNode.cpp */; };
		558FD3801ADFAB8C00953B06 /* main.cpp in Sources */ = {isa = PBXBuildFile; fileRef = 558FD37F1ADFAB8C00953B06 /* main.cpp */; };
		C870F2C21B11DFB9001D5623 /* svdplus.cpp in Sources */ = {isa = PBXBuildFile; fileRef = 553E45C61B0F2116004211CF /* svdplus.cpp */; };
/* End PBXBuildFile section */

/* Begin PBXCopyFilesBuildPhase section */
		558FD37A1ADFAB8C00953B06 /* CopyFiles */ = {
			isa = PBXCopyFilesBuildPhase;
			buildActionMask = 2147483647;
			dstPath = /usr/share/man/man1/;
			dstSubfolderSpec = 0;
			files = (
			);
			runOnlyForDeploymentPostprocessing = 1;
		};
/* End PBXCopyFilesBuildPhase section */

/* Begin PBXFileReference section */
		552D0ED71AEA1E610082D855 /* dataManager.cpp */ = {isa = PBXFileReference; fileEncoding = 4; lastKnownFileType = sourcecode.cpp.cpp; path = dataManager.cpp; sourceTree = "<group>"; };
		552D0ED81AEA1E610082D855 /* dataManager.h */ = {isa = PBXFileReference; fileEncoding = 4; lastKnownFileType = sourcecode.c.h; path = dataManager.h; sourceTree = "<group>"; };
		552D0EEE1AEC40530082D855 /* svd.cpp */ = {isa = PBXFileReference; fileEncoding = 4; lastKnownFileType = sourcecode.cpp.cpp; path = svd.cpp; sourceTree = "<group>"; };
		552D0EEF1AEC40530082D855 /* svd.h */ = {isa = PBXFileReference; fileEncoding = 4; lastKnownFileType = sourcecode.c.h; path = svd.h; sourceTree = "<group>"; };
		552D0EF11AECD5690082D855 /* errorManager.cpp */ = {isa = PBXFileReference; fileEncoding = 4; lastKnownFileType = sourcecode.cpp.cpp; path = errorManager.cpp; sourceTree = "<group>"; };
		552D0EF21AECD5690082D855 /* errorManager.h */ = {isa = PBXFileReference; fileEncoding = 4; lastKnownFileType = sourcecode.c.h; path = errorManager.h; sourceTree = "<group>"; };
		553E45C31B0EB2C1004211CF /* hogNode.cpp */ = {isa = PBXFileReference; fileEncoding = 4; lastKnownFileType = sourcecode.cpp.cpp; path = hogNode.cpp; sourceTree = "<group>"; };
		553E45C41B0EB2C1004211CF /* hogNode.h */ = {isa = PBXFileReference; fileEncoding = 4; lastKnownFileType = sourcecode.c.h; path = hogNode.h; sourceTree = "<group>"; };
		553E45C61B0F2116004211CF /* svdplus.cpp */ = {isa = PBXFileReference; fileEncoding = 4; lastKnownFileType = sourcecode.cpp.cpp; path = svdplus.cpp; sourceTree = "<group>"; };
		553E45C71B0F2116004211CF /* svdplus.h */ = {isa = PBXFileReference; fileEncoding = 4; lastKnownFileType = sourcecode.c.h; path = svdplus.h; sourceTree = "<group>"; };
		558FD37C1ADFAB8C00953B06 /* netflix_project */ = {isa = PBXFileReference; explicitFileType = "compiled.mach-o.executable"; includeInIndex = 0; path = netflix_project; sourceTree = BUILT_PRODUCTS_DIR; };
		558FD37F1ADFAB8C00953B06 /* main.cpp */ = {isa = PBXFileReference; lastKnownFileType = sourcecode.cpp.cpp; path = main.cpp; sourceTree = "<group>"; };
/* End PBXFileReference section */

/* Begin PBXFrameworksBuildPhase section */
		558FD3791ADFAB8C00953B06 /* Frameworks */ = {
			isa = PBXFrameworksBuildPhase;
			buildActionMask = 2147483647;
			files = (
			);
			runOnlyForDeploymentPostprocessing = 0;
		};
/* End PBXFrameworksBuildPhase section */

/* Begin PBXGroup section */
		558FD3731ADFAB8C00953B06 = {
			isa = PBXGroup;
			children = (
				558FD37E1ADFAB8C00953B06 /* netflix_project */,
				558FD37D1ADFAB8C00953B06 /* Products */,
			);
			sourceTree = "<group>";
		};
		558FD37D1ADFAB8C00953B06 /* Products */ = {
			isa = PBXGroup;
			children = (
				558FD37C1ADFAB8C00953B06 /* netflix_project */,
			);
			name = Products;
			sourceTree = "<group>";
		};
		558FD37E1ADFAB8C00953B06 /* netflix_project */ = {
			isa = PBXGroup;
			children = (
				558FD37F1ADFAB8C00953B06 /* main.cpp */,
				552D0EEE1AEC40530082D855 /* svd.cpp */,
				552D0EEF1AEC40530082D855 /* svd.h */,
				553E45C61B0F2116004211CF /* svdplus.cpp */,
				553E45C71B0F2116004211CF /* svdplus.h */,
				553E45C31B0EB2C1004211CF /* hogNode.cpp */,
				553E45C41B0EB2C1004211CF /* hogNode.h */,
				552D0EF11AECD5690082D855 /* errorManager.cpp */,
				552D0EF21AECD5690082D855 /* errorManager.h */,
				552D0ED71AEA1E610082D855 /* dataManager.cpp */,
				552D0ED81AEA1E610082D855 /* dataManager.h */,
			);
			path = netflix_project;
			sourceTree = "<group>";
		};
/* End PBXGroup section */

/* Begin PBXNativeTarget section */
		558FD37B1ADFAB8C00953B06 /* netflix_project */ = {
			isa = PBXNativeTarget;
			buildConfigurationList = 558FD3831ADFAB8C00953B06 /* Build configuration list for PBXNativeTarget "netflix_project" */;
			buildPhases = (
				558FD3781ADFAB8C00953B06 /* Sources */,
				558FD3791ADFAB8C00953B06 /* Frameworks */,
				558FD37A1ADFAB8C00953B06 /* CopyFiles */,
			);
			buildRules = (
			);
			dependencies = (
			);
			name = netflix_project;
			productName = netflix_project;
			productReference = 558FD37C1ADFAB8C00953B06 /* netflix_project */;
			productType = "com.apple.product-type.tool";
		};
/* End PBXNativeTarget section */

/* Begin PBXProject section */
		558FD3741ADFAB8C00953B06 /* Project object */ = {
			isa = PBXProject;
			attributes = {
				LastUpgradeCheck = 0610;
				ORGANIZATIONNAME = "Connor Lee";
				TargetAttributes = {
					558FD37B1ADFAB8C00953B06 = {
						CreatedOnToolsVersion = 6.1;
					};
				};
			};
			buildConfigurationList = 558FD3771ADFAB8C00953B06 /* Build configuration list for PBXProject "netflix_project" */;
			compatibilityVersion = "Xcode 3.2";
			developmentRegion = English;
			hasScannedForEncodings = 0;
			knownRegions = (
				en,
			);
			mainGroup = 558FD3731ADFAB8C00953B06;
			productRefGroup = 558FD37D1ADFAB8C00953B06 /* Products */;
			projectDirPath = "";
			projectRoot = "";
			targets = (
				558FD37B1ADFAB8C00953B06 /* netflix_project */,
			);
		};
/* End PBXProject section */

/* Begin PBXSourcesBuildPhase section */
		558FD3781ADFAB8C00953B06 /* Sources */ = {
			isa = PBXSourcesBuildPhase;
			buildActionMask = 2147483647;
			files = (
				C870F2C21B11DFB9001D5623 /* svdplus.cpp in Sources */,
				552D0EF31AECD5690082D855 /* errorManager.cpp in Sources */,
				552D0EDA1AEA2A800082D855 /* dataManager.cpp in Sources */,
				558FD3801ADFAB8C00953B06 /* main.cpp in Sources */,
				553E45C51B0EB2C1004211CF /* hogNode.cpp in Sources */,
			);
			runOnlyForDeploymentPostprocessing = 0;
		};
/* End PBXSourcesBuildPhase section */

/* Begin XCBuildConfiguration section */
		558FD3811ADFAB8C00953B06 /* Debug */ = {
			isa = XCBuildConfiguration;
			buildSettings = {
				ALWAYS_SEARCH_USER_PATHS = NO;
				CLANG_CXX_LANGUAGE_STANDARD = "gnu++0x";
				CLANG_CXX_LIBRARY = "libc++";
				CLANG_ENABLE_MODULES = YES;
				CLANG_ENABLE_OBJC_ARC = YES;
				CLANG_WARN_BOOL_CONVERSION = YES;
				CLANG_WARN_CONSTANT_CONVERSION = YES;
				CLANG_WARN_DIRECT_OBJC_ISA_USAGE = YES_ERROR;
				CLANG_WARN_EMPTY_BODY = YES;
				CLANG_WARN_ENUM_CONVERSION = YES;
				CLANG_WARN_INT_CONVERSION = YES;
				CLANG_WARN_OBJC_ROOT_CLASS = YES_ERROR;
				CLANG_WARN_UNREACHABLE_CODE = YES;
				CLANG_WARN__DUPLICATE_METHOD_MATCH = YES;
				COPY_PHASE_STRIP = NO;
				ENABLE_STRICT_OBJC_MSGSEND = YES;
				GCC_C_LANGUAGE_STANDARD = gnu99;
				GCC_DYNAMIC_NO_PIC = NO;
				GCC_OPTIMIZATION_LEVEL = 0;
				GCC_PREPROCESSOR_DEFINITIONS = (
					"DEBUG=1",
					"$(inherited)",
				);
				GCC_SYMBOLS_PRIVATE_EXTERN = NO;
				GCC_WARN_64_TO_32_BIT_CONVERSION = YES;
				GCC_WARN_ABOUT_RETURN_TYPE = YES_ERROR;
				GCC_WARN_UNDECLARED_SELECTOR = YES;
				GCC_WARN_UNINITIALIZED_AUTOS = YES_AGGRESSIVE;
				GCC_WARN_UNUSED_FUNCTION = YES;
				GCC_WARN_UNUSED_VARIABLE = YES;
				MACOSX_DEPLOYMENT_TARGET = 10.10;
				MTL_ENABLE_DEBUG_INFO = YES;
				ONLY_ACTIVE_ARCH = YES;
				SDKROOT = macosx;
			};
			name = Debug;
		};
		558FD3821ADFAB8C00953B06 /* Release */ = {
			isa = XCBuildConfiguration;
			buildSettings = {
				ALWAYS_SEARCH_USER_PATHS = NO;
				CLANG_CXX_LANGUAGE_STANDARD = "gnu++0x";
				CLANG_CXX_LIBRARY = "libc++";
				CLANG_ENABLE_MODULES = YES;
				CLANG_ENABLE_OBJC_ARC = YES;
				CLANG_WARN_BOOL_CONVERSION = YES;
				CLANG_WARN_CONSTANT_CONVERSION = YES;
				CLANG_WARN_DIRECT_OBJC_ISA_USAGE = YES_ERROR;
				CLANG_WARN_EMPTY_BODY = YES;
				CLANG_WARN_ENUM_CONVERSION = YES;
				CLANG_WARN_INT_CONVERSION = YES;
				CLANG_WARN_OBJC_ROOT_CLASS = YES_ERROR;
				CLANG_WARN_UNREACHABLE_CODE = YES;
				CLANG_WARN__DUPLICATE_METHOD_MATCH = YES;
				COPY_PHASE_STRIP = YES;
				DEBUG_INFORMATION_FORMAT = "dwarf-with-dsym";
				ENABLE_NS_ASSERTIONS = NO;
				ENABLE_STRICT_OBJC_MSGSEND = YES;
				GCC_C_LANGUAGE_STANDARD = gnu99;
				GCC_WARN_64_TO_32_BIT_CONVERSION = YES;
				GCC_WARN_ABOUT_RETURN_TYPE = YES_ERROR;
				GCC_WARN_UNDECLARED_SELECTOR = YES;
				GCC_WARN_UNINITIALIZED_AUTOS = YES_AGGRESSIVE;
				GCC_WARN_UNUSED_FUNCTION = YES;
				GCC_WARN_UNUSED_VARIABLE = YES;
				MACOSX_DEPLOYMENT_TARGET = 10.10;
				MTL_ENABLE_DEBUG_INFO = NO;
				SDKROOT = macosx;
			};
			name = Release;
		};
		558FD3841ADFAB8C00953B06 /* Debug */ = {
			isa = XCBuildConfiguration;
			buildSettings = {
				PRODUCT_NAME = "$(TARGET_NAME)";
			};
			name = Debug;
		};
		558FD3851ADFAB8C00953B06 /* Release */ = {
			isa = XCBuildConfiguration;
			buildSettings = {
				PRODUCT_NAME = "$(TARGET_NAME)";
			};
			name = Release;
		};
/* End XCBuildConfiguration section */

/* Begin XCConfigurationList section */
		558FD3771ADFAB8C00953B06 /* Build configuration list for PBXProject "netflix_project" */ = {
			isa = XCConfigurationList;
			buildConfigurations = (
				558FD3811ADFAB8C00953B06 /* Debug */,
				558FD3821ADFAB8C00953B06 /* Release */,
			);
			defaultConfigurationIsVisible = 0;
			defaultConfigurationName = Release;
		};
		558FD3831ADFAB8C00953B06 /* Build configuration list for PBXNativeTarget "netflix_project" */ = {
			isa = XCConfigurationList;
			buildConfigurations = (
				558FD3841ADFAB8C00953B06 /* Debug */,
				558FD3851ADFAB8C00953B06 /* Release */,
			);
			defaultConfigurationIsVisible = 0;
			defaultConfigurationName = Release;
		};
/* End XCConfigurationList section */
	};
	rootObject = 558FD3741ADFAB8C00953B06 /* Project object */;
}
